<?xml version="1.0" encoding="utf-8"?>
<Project ToolsVersion="4.0" xmlns="http://schemas.microsoft.com/developer/msbuild/2003">
  <ItemGroup>
    <Filter Include="Source Files">
      <UniqueIdentifier>{4FC737F1-C7A5-4376-A066-2A32D752A2FF}</UniqueIdentifier>
      <Extensions>cpp;c;cc;cxx;def;odl;idl;hpj;bat;asm;asmx</Extensions>
    </Filter>
    <Filter Include="Header Files">
      <UniqueIdentifier>{93995380-89BD-4b04-88EB-625FBE52EBFB}</UniqueIdentifier>
      <Extensions>h;hh;hpp;hxx;hm;inl;inc;xsd</Extensions>
    </Filter>
    <Filter Include="Resource Files">
      <UniqueIdentifier>{67DA6AB6-F800-4c08-8B7A-83BB121AAD01}</UniqueIdentifier>
      <Extensions>rc;ico;cur;bmp;dlg;rc2;rct;bin;rgs;gif;jpg;jpeg;jpe;resx;tiff;tif;png;wav</Extensions>
    </Filter>
  </ItemGroup>
  <ItemGroup>
    <ClCompile Include="waveedit\ChildFrm.cpp">
      <Filter>Source Files</Filter>
    </ClCompile>
    <ClCompile Include="waveedit\ClassView.cpp">
      <Filter>Source Files</Filter>
    </ClCompile>
    <ClCompile Include="waveedit\FileView.cpp">
      <Filter>Source Files</Filter>
    </ClCompile>
    <ClCompile Include="waveedit\MainFrm.cpp">
      <Filter>Source Files</Filter>
    </ClCompile>
    <ClCompile Include="waveedit\OutputWnd.cpp">
      <Filter>Source Files</Filter>
    </ClCompile>
    <ClCompile Include="waveedit\PropertiesWnd.cpp">
      <Filter>Source Files</Filter>
    </ClCompile>
    <ClCompile Include="waveedit\stdafx.cpp">
      <Filter>Source Files</Filter>
    </ClCompile>
    <ClCompile Include="waveedit\ViewTree.cpp">
      <Filter>Source Files</Filter>
    </ClCompile>
    <ClCompile Include="waveedit\WaveEdit.cpp">
      <Filter>Source Files</Filter>
    </ClCompile>
    <ClCompile Include="waveedit\WaveEditDoc.cpp">
      <Filter>Source Files</Filter>
    </ClCompile>
    <ClCompile Include="waveedit\WaveEditView.cpp">
      <Filter>Source Files</Filter>
    </ClCompile>
    <ClCompile Include="waveedit\WaveFile.cpp">
      <Filter>Source Files</Filter>
    </ClCompile>
  </ItemGroup>
  <ItemGroup>
    <ClInclude Include="waveedit\ChildFrm.h">
      <Filter>Header Files</Filter>
    </ClInclude>
    <ClInclude Include="waveedit\ClassView.h">
      <Filter>Header Files</Filter>
    </ClInclude>
    <ClInclude Include="waveedit\clipboard.h">
      <Filter>Header Files</Filter>
    </ClInclude>
    <ClInclude Include="waveedit\FileView.h">
      <Filter>Header Files</Filter>
    </ClInclude>
    <ClInclude Include="waveedit\MainFrm.h">
      <Filter>Header Files</Filter>
    </ClInclude>
    <ClInclude Include="waveedit\OutputWnd.h">
      <Filter>Header Files</Filter>
    </ClInclude>
    <ClInclude Include="waveedit\PropertiesWnd.h">
      <Filter>Header Files</Filter>
    </ClInclude>
    <ClInclude Include="waveedit\Resource.h">
      <Filter>Header Files</Filter>
    </ClInclude>
    <ClInclude Include="waveedit\stdafx.h">
      <Filter>Header Files</Filter>
    </ClInclude>
    <ClInclude Include="waveedit\targetver.h">
      <Filter>Header Files</Filter>
    </ClInclude>
    <ClInclude Include="waveedit\ViewTree.h">
      <Filter>Header Files</Filter>
    </ClInclude>
    <ClInclude Include="waveedit\WaveEdit.h">
      <Filter>Header Files</Filter>
    </ClInclude>
    <ClInclude Include="waveedit\WaveEditDoc.h">
      <Filter>Header Files</Filter>
    </ClInclude>
    <ClInclude Include="waveedit\WaveEditView.h">
      <Filter>Header Files</Filter>
    </ClInclude>
    <ClInclude Include="waveedit\WaveFile.h">
      <Filter>Header Files</Filter>
    </ClInclude>
  </ItemGroup>
  <ItemGroup>
    <ResourceCompile Include="waveedit\WaveEdit.rc">
      <Filter>Resource Files</Filter>
    </ResourceCompile>
  </ItemGroup>
  <ItemGroup>
    <None Include="waveedit\res\WaveEdit.rc2">
      <Filter>Resource Files</Filter>
    </None>
  </ItemGroup>
</Project>